
Microsoft Visual Studio Solution File, Format Version 12.00
# Visual Studio Version 16
VisualStudioVersion = 16.0.30503.244
MinimumVisualStudioVersion = 10.0.40219.1
Project("{FAE04EC0-301F-11D3-BF4B-00C04F79EFBC}") = "EmployeeManagement.Models", "EmployeeManagement.Models\EmployeeManagement.Models.csproj", "{34D2D082-BA7D-4B01-BAEB-645FEDB10D93}"
EndProject
Project("{FAE04EC0-301F-11D3-BF4B-00C04F79EFBC}") = "EmployeeManagement.Web", "EmployeeManagement.Web\EmployeeManagement.Web.csproj", "{762762BC-6429-4449-8246-9994186A9B6B}"
EndProject
Project("{FAE04EC0-301F-11D3-BF4B-00C04F79EFBC}") = "EmployeeManagement.Api", "EmployeeManagement.Api\EmployeeManagement.Api.csproj", "{3CC3B803-AFAF-48C6-A204-23556762AE41}"
EndProject
Global
	GlobalSection(SolutionConfigurationPlatforms) = preSolution
		Debug|Any CPU = Debug|Any CPU
		Release|Any CPU = Release|Any CPU
	EndGlobalSection
	GlobalSection(ProjectConfigurationPlatforms) = postSolution
		{34D2D082-BA7D-4B01-BAEB-645FEDB10D93}.Debug|Any CPU.ActiveCfg = Debug|Any CPU
		{34D2D082-BA7D-4B01-BAEB-645FEDB10D93}.Debug|Any CPU.Build.0 = Debug|Any CPU
		{34D2D082-BA7D-4B01-BAEB-645FEDB10D93}.Release|Any CPU.ActiveCfg = Release|Any CPU
		{34D2D082-BA7D-4B01-BAEB-645FEDB10D93}.Release|Any CPU.Build.0 = Release|Any CPU
		{762762BC-6429-4449-8246-9994186A9B6B}.Debug|Any CPU.ActiveCfg = Debug|Any CPU
		{762762BC-6429-4449-8246-9994186A9B6B}.Debug|Any CPU.Build.0 = Debug|Any CPU
		{762762BC-6429-4449-8246-9994186A9B6B}.Release|Any CPU.ActiveCfg = Release|Any CPU
		{762762BC-6429-4449-8246-9994186A9B6B}.Release|Any CPU.Build.0 = Release|Any CPU
		{3CC3B803-AFAF-48C6-A204-23556762AE41}.Debug|Any CPU.ActiveCfg = Debug|Any CPU
		{3CC3B803-AFAF-48C6-A204-23556762AE41}.Debug|Any CPU.Build.0 = Debug|Any CPU
		{3CC3B803-AFAF-48C6-A204-23556762AE41}.Release|Any CPU.ActiveCfg = Release|Any CPU
		{3CC3B803-AFAF-48C6-A204-23556762AE41}.Release|Any CPU.Build.0 = Release|Any CPU
	EndGlobalSection
	GlobalSection(SolutionProperties) = preSolution
		HideSolutionNode = FALSE
	EndGlobalSection
	GlobalSection(ExtensibilityGlobals) = postSolution
		SolutionGuid = {76718A40-393A-4D55-BEF8-34B17D1EC43A}
	EndGlobalSection
EndGlobal
